
Microsoft Visual Studio Solution File, Format Version 12.00
# Visual Studio 15
VisualStudioVersion = 15.0.26228.10
MinimumVisualStudioVersion = 10.0.40219.1
Project("{FAE04EC0-301F-11D3-BF4B-00C04F79EFBC}") = "DummyClock", "DummyClock\DummyClock.csproj", "{E1223217-808B-405A-AFA8-6FD3539F2A3D}"
EndProject
Project("{FAE04EC0-301F-11D3-BF4B-00C04F79EFBC}") = "RmiterCoreUwp", "Rmiter\RmiterCoreUwp\RmiterCoreUwp.csproj", "{711779A0-82BC-409A-B315-C90EE1B96966}"
EndProject
Project("{FAE04EC0-301F-11D3-BF4B-00C04F79EFBC}") = "PtvCore", "PtvCore\PtvCore.csproj", "{49FCDB2B-476B-4AF2-B112-268F8298EC6D}"
EndProject
Project("{D954291E-2A0B-460D-934E-DC6B0785DB48}") = "YahooWeatherParser.Shared", "YahooWeatherDotNet\YahooWeatherParser.Shared\YahooWeatherParser.Shared.shproj", "{46719882-6220-4880-9822-6AB1B46D8124}"
EndProject
Project("{FAE04EC0-301F-11D3-BF4B-00C04F79EFBC}") = "YahooWeatherParser.Uwp", "YahooWeatherDotNet\YahooWeatherParser.Uwp\YahooWeatherParser.Uwp.csproj", "{2A26E678-82E7-4663-BCAC-D9AF9C176AFA}"
EndProject
Global
	GlobalSection(SharedMSBuildProjectFiles) = preSolution
		YahooWeatherDotNet\YahooWeatherParser.Shared\YahooWeatherParser.Shared.projitems*{2a26e678-82e7-4663-bcac-d9af9c176afa}*SharedItemsImports = 4
		YahooWeatherDotNet\YahooWeatherParser.Shared\YahooWeatherParser.Shared.projitems*{46719882-6220-4880-9822-6ab1b46d8124}*SharedItemsImports = 13
	EndGlobalSection
	GlobalSection(SolutionConfigurationPlatforms) = preSolution
		Debug|Any CPU = Debug|Any CPU
		Debug|ARM = Debug|ARM
		Debug|x64 = Debug|x64
		Debug|x86 = Debug|x86
		Release|Any CPU = Release|Any CPU
		Release|ARM = Release|ARM
		Release|x64 = Release|x64
		Release|x86 = Release|x86
	EndGlobalSection
	GlobalSection(ProjectConfigurationPlatforms) = postSolution
		{E1223217-808B-405A-AFA8-6FD3539F2A3D}.Debug|Any CPU.ActiveCfg = Debug|x86
		{E1223217-808B-405A-AFA8-6FD3539F2A3D}.Debug|ARM.ActiveCfg = Debug|ARM
		{E1223217-808B-405A-AFA8-6FD3539F2A3D}.Debug|ARM.Build.0 = Debug|ARM
		{E1223217-808B-405A-AFA8-6FD3539F2A3D}.Debug|ARM.Deploy.0 = Debug|ARM
		{E1223217-808B-405A-AFA8-6FD3539F2A3D}.Debug|x64.ActiveCfg = Debug|x64
		{E1223217-808B-405A-AFA8-6FD3539F2A3D}.Debug|x64.Build.0 = Debug|x64
		{E1223217-808B-405A-AFA8-6FD3539F2A3D}.Debug|x64.Deploy.0 = Debug|x64
		{E1223217-808B-405A-AFA8-6FD3539F2A3D}.Debug|x86.ActiveCfg = Debug|x86
		{E1223217-808B-405A-AFA8-6FD3539F2A3D}.Debug|x86.Build.0 = Debug|x86
		{E1223217-808B-405A-AFA8-6FD3539F2A3D}.Debug|x86.Deploy.0 = Debug|x86
		{E1223217-808B-405A-AFA8-6FD3539F2A3D}.Release|Any CPU.ActiveCfg = Release|x86
		{E1223217-808B-405A-AFA8-6FD3539F2A3D}.Release|ARM.ActiveCfg = Release|ARM
		{E1223217-808B-405A-AFA8-6FD3539F2A3D}.Release|ARM.Build.0 = Release|ARM
		{E1223217-808B-405A-AFA8-6FD3539F2A3D}.Release|ARM.Deploy.0 = Release|ARM
		{E1223217-808B-405A-AFA8-6FD3539F2A3D}.Release|x64.ActiveCfg = Release|x64
		{E1223217-808B-405A-AFA8-6FD3539F2A3D}.Release|x64.Build.0 = Release|x64
		{E1223217-808B-405A-AFA8-6FD3539F2A3D}.Release|x64.Deploy.0 = Release|x64
		{E1223217-808B-405A-AFA8-6FD3539F2A3D}.Release|x86.ActiveCfg = Release|x86
		{E1223217-808B-405A-AFA8-6FD3539F2A3D}.Release|x86.Build.0 = Release|x86
		{E1223217-808B-405A-AFA8-6FD3539F2A3D}.Release|x86.Deploy.0 = Release|x86
		{711779A0-82BC-409A-B315-C90EE1B96966}.Debug|Any CPU.ActiveCfg = Debug|Any CPU
		{711779A0-82BC-409A-B315-C90EE1B96966}.Debug|Any CPU.Build.0 = Debug|Any CPU
		{711779A0-82BC-409A-B315-C90EE1B96966}.Debug|ARM.ActiveCfg = Debug|ARM
		{711779A0-82BC-409A-B315-C90EE1B96966}.Debug|ARM.Build.0 = Debug|ARM
		{711779A0-82BC-409A-B315-C90EE1B96966}.Debug|x64.ActiveCfg = Debug|x64
		{711779A0-82BC-409A-B315-C90EE1B96966}.Debug|x64.Build.0 = Debug|x64
		{711779A0-82BC-409A-B315-C90EE1B96966}.Debug|x86.ActiveCfg = Debug|x86
		{711779A0-82BC-409A-B315-C90EE1B96966}.Debug|x86.Build.0 = Debug|x86
		{711779A0-82BC-409A-B315-C90EE1B96966}.Release|Any CPU.ActiveCfg = Release|Any CPU
		{711779A0-82BC-409A-B315-C90EE1B96966}.Release|Any CPU.Build.0 = Release|Any CPU
		{711779A0-82BC-409A-B315-C90EE1B96966}.Release|ARM.ActiveCfg = Release|ARM
		{711779A0-82BC-409A-B315-C90EE1B96966}.Release|ARM.Build.0 = Release|ARM
		{711779A0-82BC-409A-B315-C90EE1B96966}.Release|x64.ActiveCfg = Release|x64
		{711779A0-82BC-409A-B315-C90EE1B96966}.Release|x64.Build.0 = Release|x64
		{711779A0-82BC-409A-B315-C90EE1B96966}.Release|x86.ActiveCfg = Release|x86
		{711779A0-82BC-409A-B315-C90EE1B96966}.Release|x86.Build.0 = Release|x86
		{49FCDB2B-476B-4AF2-B112-268F8298EC6D}.Debug|Any CPU.ActiveCfg = Debug|Any CPU
		{49FCDB2B-476B-4AF2-B112-268F8298EC6D}.Debug|Any CPU.Build.0 = Debug|Any CPU
		{49FCDB2B-476B-4AF2-B112-268F8298EC6D}.Debug|ARM.ActiveCfg = Debug|ARM
		{49FCDB2B-476B-4AF2-B112-268F8298EC6D}.Debug|ARM.Build.0 = Debug|ARM
		{49FCDB2B-476B-4AF2-B112-268F8298EC6D}.Debug|x64.ActiveCfg = Debug|x64
		{49FCDB2B-476B-4AF2-B112-268F8298EC6D}.Debug|x64.Build.0 = Debug|x64
		{49FCDB2B-476B-4AF2-B112-268F8298EC6D}.Debug|x86.ActiveCfg = Debug|x86
		{49FCDB2B-476B-4AF2-B112-268F8298EC6D}.Debug|x86.Build.0 = Debug|x86
		{49FCDB2B-476B-4AF2-B112-268F8298EC6D}.Release|Any CPU.ActiveCfg = Release|Any CPU
		{49FCDB2B-476B-4AF2-B112-268F8298EC6D}.Release|Any CPU.Build.0 = Release|Any CPU
		{49FCDB2B-476B-4AF2-B112-268F8298EC6D}.Release|ARM.ActiveCfg = Release|ARM
		{49FCDB2B-476B-4AF2-B112-268F8298EC6D}.Release|ARM.Build.0 = Release|ARM
		{49FCDB2B-476B-4AF2-B112-268F8298EC6D}.Release|x64.ActiveCfg = Release|x64
		{49FCDB2B-476B-4AF2-B112-268F8298EC6D}.Release|x64.Build.0 = Release|x64
		{49FCDB2B-476B-4AF2-B112-268F8298EC6D}.Release|x86.ActiveCfg = Release|x86
		{49FCDB2B-476B-4AF2-B112-268F8298EC6D}.Release|x86.Build.0 = Release|x86
		{2A26E678-82E7-4663-BCAC-D9AF9C176AFA}.Debug|Any CPU.ActiveCfg = Debug|Any CPU
		{2A26E678-82E7-4663-BCAC-D9AF9C176AFA}.Debug|Any CPU.Build.0 = Debug|Any CPU
		{2A26E678-82E7-4663-BCAC-D9AF9C176AFA}.Debug|ARM.ActiveCfg = Debug|ARM
		{2A26E678-82E7-4663-BCAC-D9AF9C176AFA}.Debug|ARM.Build.0 = Debug|ARM
		{2A26E678-82E7-4663-BCAC-D9AF9C176AFA}.Debug|x64.ActiveCfg = Debug|x64
		{2A26E678-82E7-4663-BCAC-D9AF9C176AFA}.Debug|x64.Build.0 = Debug|x64
		{2A26E678-82E7-4663-BCAC-D9AF9C176AFA}.Debug|x86.ActiveCfg = Debug|x86
		{2A26E678-82E7-4663-BCAC-D9AF9C176AFA}.Debug|x86.Build.0 = Debug|x86
		{2A26E678-82E7-4663-BCAC-D9AF9C176AFA}.Release|Any CPU.ActiveCfg = Release|Any CPU
		{2A26E678-82E7-4663-BCAC-D9AF9C176AFA}.Release|Any CPU.Build.0 = Release|Any CPU
		{2A26E678-82E7-4663-BCAC-D9AF9C176AFA}.Release|ARM.ActiveCfg = Release|ARM
		{2A26E678-82E7-4663-BCAC-D9AF9C176AFA}.Release|ARM.Build.0 = Release|ARM
		{2A26E678-82E7-4663-BCAC-D9AF9C176AFA}.Release|x64.ActiveCfg = Release|x64
		{2A26E678-82E7-4663-BCAC-D9AF9C176AFA}.Release|x64.Build.0 = Release|x64
		{2A26E678-82E7-4663-BCAC-D9AF9C176AFA}.Release|x86.ActiveCfg = Release|x86
		{2A26E678-82E7-4663-BCAC-D9AF9C176AFA}.Release|x86.Build.0 = Release|x86
	EndGlobalSection
	GlobalSection(SolutionProperties) = preSolution
		HideSolutionNode = FALSE
	EndGlobalSection
EndGlobal
